
Microsoft Visual Studio Solution File, Format Version 12.00
# Visual Studio 2013
VisualStudioVersion = 12.0.30501.0
MinimumVisualStudioVersion = 10.0.40219.1
Project("{FAE04EC0-301F-11D3-BF4B-00C04F79EFBC}") = "Task-1_HelloHTML", "Task-1_HelloHTML\Task-1_HelloHTML.csproj", "{FE762440-B807-4BF0-862E-A6079D0721AD}"
EndProject
Project("{FAE04EC0-301F-11D3-BF4B-00C04F79EFBC}") = "Task-2_ParagraphsAndImagesOfText", "Task-2_ParagraphsAndImagesOfText\Task-2_ParagraphsAndImagesOfText.csproj", "{6AD4AF7C-AF6F-4195-A1D4-4F4AD46D2CD1}"
EndProject
Project("{FAE04EC0-301F-11D3-BF4B-00C04F79EFBC}") = "Task-3_RunnersHome", "Task-3_RunnersHome\Task-3_RunnersHome.csproj", "{6BA8FB60-D564-4C4B-A319-665A7FD936C0}"
EndProject
Project("{FAE04EC0-301F-11D3-BF4B-00C04F79EFBC}") = "Task-4_HTMLLists", "Task-4_HTMLLists\Task-4_HTMLLists.csproj", "{F16360C3-DDF0-4E13-90FB-3C6F609DBBCC}"
EndProject
Project("{FAE04EC0-301F-11D3-BF4B-00C04F79EFBC}") = "Task-5_PowerPointSlide", "Task-5_PowerPointSlide\Task-5_PowerPointSlide.csproj", "{C8DA7D16-AC18-4970-9C6F-62C87CE8640A}"
EndProject
Project("{FAE04EC0-301F-11D3-BF4B-00C04F79EFBC}") = "Task-6_DogeSite", "Task-6_DogeSite\Task-6_DogeSite.csproj", "{D66FC671-B0AE-410F-866A-7597E66FC3D7}"
EndProject
Global
	GlobalSection(SolutionConfigurationPlatforms) = preSolution
		Debug|Any CPU = Debug|Any CPU
		Release|Any CPU = Release|Any CPU
	EndGlobalSection
	GlobalSection(ProjectConfigurationPlatforms) = postSolution
		{FE762440-B807-4BF0-862E-A6079D0721AD}.Debug|Any CPU.ActiveCfg = Debug|Any CPU
		{FE762440-B807-4BF0-862E-A6079D0721AD}.Debug|Any CPU.Build.0 = Debug|Any CPU
		{FE762440-B807-4BF0-862E-A6079D0721AD}.Release|Any CPU.ActiveCfg = Release|Any CPU
		{FE762440-B807-4BF0-862E-A6079D0721AD}.Release|Any CPU.Build.0 = Release|Any CPU
		{6AD4AF7C-AF6F-4195-A1D4-4F4AD46D2CD1}.Debug|Any CPU.ActiveCfg = Debug|Any CPU
		{6AD4AF7C-AF6F-4195-A1D4-4F4AD46D2CD1}.Debug|Any CPU.Build.0 = Debug|Any CPU
		{6AD4AF7C-AF6F-4195-A1D4-4F4AD46D2CD1}.Release|Any CPU.ActiveCfg = Release|Any CPU
		{6AD4AF7C-AF6F-4195-A1D4-4F4AD46D2CD1}.Release|Any CPU.Build.0 = Release|Any CPU
		{6BA8FB60-D564-4C4B-A319-665A7FD936C0}.Debug|Any CPU.ActiveCfg = Debug|Any CPU
		{6BA8FB60-D564-4C4B-A319-665A7FD936C0}.Debug|Any CPU.Build.0 = Debug|Any CPU
		{6BA8FB60-D564-4C4B-A319-665A7FD936C0}.Release|Any CPU.ActiveCfg = Release|Any CPU
		{6BA8FB60-D564-4C4B-A319-665A7FD936C0}.Release|Any CPU.Build.0 = Release|Any CPU
		{F16360C3-DDF0-4E13-90FB-3C6F609DBBCC}.Debug|Any CPU.ActiveCfg = Debug|Any CPU
		{F16360C3-DDF0-4E13-90FB-3C6F609DBBCC}.Debug|Any CPU.Build.0 = Debug|Any CPU
		{F16360C3-DDF0-4E13-90FB-3C6F609DBBCC}.Release|Any CPU.ActiveCfg = Release|Any CPU
		{F16360C3-DDF0-4E13-90FB-3C6F609DBBCC}.Release|Any CPU.Build.0 = Release|Any CPU
		{C8DA7D16-AC18-4970-9C6F-62C87CE8640A}.Debug|Any CPU.ActiveCfg = Debug|Any CPU
		{C8DA7D16-AC18-4970-9C6F-62C87CE8640A}.Debug|Any CPU.Build.0 = Debug|Any CPU
		{C8DA7D16-AC18-4970-9C6F-62C87CE8640A}.Release|Any CPU.ActiveCfg = Release|Any CPU
		{C8DA7D16-AC18-4970-9C6F-62C87CE8640A}.Release|Any CPU.Build.0 = Release|Any CPU
		{D66FC671-B0AE-410F-866A-7597E66FC3D7}.Debug|Any CPU.ActiveCfg = Debug|Any CPU
		{D66FC671-B0AE-410F-866A-7597E66FC3D7}.Debug|Any CPU.Build.0 = Debug|Any CPU
		{D66FC671-B0AE-410F-866A-7597E66FC3D7}.Release|Any CPU.ActiveCfg = Release|Any CPU
		{D66FC671-B0AE-410F-866A-7597E66FC3D7}.Release|Any CPU.Build.0 = Release|Any CPU
	EndGlobalSection
	GlobalSection(SolutionProperties) = preSolution
		HideSolutionNode = FALSE
	EndGlobalSection
EndGlobal
